
Microsoft Visual Studio Solution File, Format Version 12.00
# Visual Studio Version 16
VisualStudioVersion = 16.0.31229.75
MinimumVisualStudioVersion = 10.0.40219.1
Project("{FAE04EC0-301F-11D3-BF4B-00C04F79EFBC}") = "RustGen", "RustGen\RustGen.csproj", "{232D52DF-0507-4D51-9691-3CECA96A5842}"
EndProject
Global
	GlobalSection(SolutionConfigurationPlatforms) = preSolution
		Debug|Any CPU = Debug|Any CPU
		Release|Any CPU = Release|Any CPU
	EndGlobalSection
	GlobalSection(ProjectConfigurationPlatforms) = postSolution
		{232D52DF-0507-4D51-9691-3CECA96A5842}.Debug|Any CPU.ActiveCfg = Debug|Any CPU
		{232D52DF-0507-4D51-9691-3CECA96A5842}.Debug|Any CPU.Build.0 = Debug|Any CPU
		{232D52DF-0507-4D51-9691-3CECA96A5842}.Release|Any CPU.ActiveCfg = Release|Any CPU
		{232D52DF-0507-4D51-9691-3CECA96A5842}.Release|Any CPU.Build.0 = Release|Any CPU
	EndGlobalSection
	GlobalSection(SolutionProperties) = preSolution
		HideSolutionNode = FALSE
	EndGlobalSection
	GlobalSection(ExtensibilityGlobals) = postSolution
		SolutionGuid = {EC8E7E94-5286-4696-B768-3B8A90280421}
	EndGlobalSection
EndGlobal
